
Microsoft Visual Studio Solution File, Format Version 12.00
# Visual Studio 14
VisualStudioVersion = 14.0.23107.0
MinimumVisualStudioVersion = 10.0.40219.1
Project("{2150E333-8FDC-42A3-9474-1A3956D46DE8}") = ".paket", ".paket", "{2FE3B230-D395-4C38-BCE1-827AC4AE865C}"
	ProjectSection(SolutionItems) = preProject
		paket.dependencies = paket.dependencies
	EndProjectSection
EndProject
Project("{F2A71F9B-5D33-465A-A702-920D77279786}") = "BlockParser", "BlockParser\BlockParser.fsproj", "{D65A576C-4E1E-4FBF-8EC6-5E785D56E78F}"
EndProject
Project("{F2A71F9B-5D33-465A-A702-920D77279786}") = "Tests", "Tests\Tests.fsproj", "{F9429771-B51C-4090-97BB-15D54F36D7D7}"
EndProject
Global
	GlobalSection(SolutionConfigurationPlatforms) = preSolution
		Debug|Any CPU = Debug|Any CPU
		Release|Any CPU = Release|Any CPU
	EndGlobalSection
	GlobalSection(ProjectConfigurationPlatforms) = postSolution
		{D65A576C-4E1E-4FBF-8EC6-5E785D56E78F}.Debug|Any CPU.ActiveCfg = Debug|Any CPU
		{D65A576C-4E1E-4FBF-8EC6-5E785D56E78F}.Debug|Any CPU.Build.0 = Debug|Any CPU
		{D65A576C-4E1E-4FBF-8EC6-5E785D56E78F}.Release|Any CPU.ActiveCfg = Release|Any CPU
		{D65A576C-4E1E-4FBF-8EC6-5E785D56E78F}.Release|Any CPU.Build.0 = Release|Any CPU
		{F9429771-B51C-4090-97BB-15D54F36D7D7}.Debug|Any CPU.ActiveCfg = Debug|Any CPU
		{F9429771-B51C-4090-97BB-15D54F36D7D7}.Debug|Any CPU.Build.0 = Debug|Any CPU
		{F9429771-B51C-4090-97BB-15D54F36D7D7}.Release|Any CPU.ActiveCfg = Release|Any CPU
		{F9429771-B51C-4090-97BB-15D54F36D7D7}.Release|Any CPU.Build.0 = Release|Any CPU
	EndGlobalSection
	GlobalSection(SolutionProperties) = preSolution
		HideSolutionNode = FALSE
	EndGlobalSection
EndGlobal
